
Microsoft Visual Studio Solution File, Format Version 12.00
# Visual Studio Version 17
VisualStudioVersion = 17.8.34330.188
MinimumVisualStudioVersion = 10.0.40219.1
Project("{FAE04EC0-301F-11D3-BF4B-00C04F79EFBC}") = "ML", "ML\ML.csproj", "{B43D88B9-7319-4360-AAFF-38F84C934972}"
EndProject
Project("{FAE04EC0-301F-11D3-BF4B-00C04F79EFBC}") = "DL", "DL\DL.csproj", "{976D7DEE-E1C2-45F8-BCD7-EF2A305DD8C3}"
EndProject
Project("{FAE04EC0-301F-11D3-BF4B-00C04F79EFBC}") = "BL", "BL\BL.csproj", "{E3CC1B57-8344-45E0-8379-FA7CE9BDE6C0}"
EndProject
Project("{FAE04EC0-301F-11D3-BF4B-00C04F79EFBC}") = "SL", "SL\SL.csproj", "{4B1D28F3-63BE-4CF2-9F6A-0A9850B34A88}"
EndProject
Project("{FAE04EC0-301F-11D3-BF4B-00C04F79EFBC}") = "PL", "PL\PL.csproj", "{CDBB89A2-BB14-4652-B494-909AE3E0ABA9}"
EndProject
Global
	GlobalSection(SolutionConfigurationPlatforms) = preSolution
		Debug|Any CPU = Debug|Any CPU
		Release|Any CPU = Release|Any CPU
	EndGlobalSection
	GlobalSection(ProjectConfigurationPlatforms) = postSolution
		{B43D88B9-7319-4360-AAFF-38F84C934972}.Debug|Any CPU.ActiveCfg = Debug|Any CPU
		{B43D88B9-7319-4360-AAFF-38F84C934972}.Debug|Any CPU.Build.0 = Debug|Any CPU
		{B43D88B9-7319-4360-AAFF-38F84C934972}.Release|Any CPU.ActiveCfg = Release|Any CPU
		{B43D88B9-7319-4360-AAFF-38F84C934972}.Release|Any CPU.Build.0 = Release|Any CPU
		{976D7DEE-E1C2-45F8-BCD7-EF2A305DD8C3}.Debug|Any CPU.ActiveCfg = Debug|Any CPU
		{976D7DEE-E1C2-45F8-BCD7-EF2A305DD8C3}.Debug|Any CPU.Build.0 = Debug|Any CPU
		{976D7DEE-E1C2-45F8-BCD7-EF2A305DD8C3}.Release|Any CPU.ActiveCfg = Release|Any CPU
		{976D7DEE-E1C2-45F8-BCD7-EF2A305DD8C3}.Release|Any CPU.Build.0 = Release|Any CPU
		{E3CC1B57-8344-45E0-8379-FA7CE9BDE6C0}.Debug|Any CPU.ActiveCfg = Debug|Any CPU
		{E3CC1B57-8344-45E0-8379-FA7CE9BDE6C0}.Debug|Any CPU.Build.0 = Debug|Any CPU
		{E3CC1B57-8344-45E0-8379-FA7CE9BDE6C0}.Release|Any CPU.ActiveCfg = Release|Any CPU
		{E3CC1B57-8344-45E0-8379-FA7CE9BDE6C0}.Release|Any CPU.Build.0 = Release|Any CPU
		{4B1D28F3-63BE-4CF2-9F6A-0A9850B34A88}.Debug|Any CPU.ActiveCfg = Debug|Any CPU
		{4B1D28F3-63BE-4CF2-9F6A-0A9850B34A88}.Debug|Any CPU.Build.0 = Debug|Any CPU
		{4B1D28F3-63BE-4CF2-9F6A-0A9850B34A88}.Release|Any CPU.ActiveCfg = Release|Any CPU
		{4B1D28F3-63BE-4CF2-9F6A-0A9850B34A88}.Release|Any CPU.Build.0 = Release|Any CPU
		{CDBB89A2-BB14-4652-B494-909AE3E0ABA9}.Debug|Any CPU.ActiveCfg = Debug|Any CPU
		{CDBB89A2-BB14-4652-B494-909AE3E0ABA9}.Debug|Any CPU.Build.0 = Debug|Any CPU
		{CDBB89A2-BB14-4652-B494-909AE3E0ABA9}.Release|Any CPU.ActiveCfg = Release|Any CPU
		{CDBB89A2-BB14-4652-B494-909AE3E0ABA9}.Release|Any CPU.Build.0 = Release|Any CPU
	EndGlobalSection
	GlobalSection(SolutionProperties) = preSolution
		HideSolutionNode = FALSE
	EndGlobalSection
	GlobalSection(ExtensibilityGlobals) = postSolution
		SolutionGuid = {0DDD08EA-54C1-48F0-BF0F-96538001D699}
	EndGlobalSection
EndGlobal
